
Microsoft Visual Studio Solution File, Format Version 12.00
# Visual Studio 2013
VisualStudioVersion = 12.0.31101.0
MinimumVisualStudioVersion = 10.0.40219.1
Project("{FAE04EC0-301F-11D3-BF4B-00C04F79EFBC}") = "LIPO", "LIPO.csproj", "{AA1DF5F5-14B2-4314-A449-26208EBE4EAE}"
EndProject
Global
	GlobalSection(SolutionConfigurationPlatforms) = preSolution
		Debug|Any CPU = Debug|Any CPU
		Release|Any CPU = Release|Any CPU
	EndGlobalSection
	GlobalSection(ProjectConfigurationPlatforms) = postSolution
		{AA1DF5F5-14B2-4314-A449-26208EBE4EAE}.Debug|Any CPU.ActiveCfg = Debug|Any CPU
		{AA1DF5F5-14B2-4314-A449-26208EBE4EAE}.Debug|Any CPU.Build.0 = Debug|Any CPU
		{AA1DF5F5-14B2-4314-A449-26208EBE4EAE}.Release|Any CPU.ActiveCfg = Release|Any CPU
		{AA1DF5F5-14B2-4314-A449-26208EBE4EAE}.Release|Any CPU.Build.0 = Release|Any CPU
	EndGlobalSection
	GlobalSection(SolutionProperties) = preSolution
		HideSolutionNode = FALSE
	EndGlobalSection
EndGlobal
